
Microsoft Visual Studio Solution File, Format Version 12.00
# Visual Studio Version 17
VisualStudioVersion = 17.3.32825.248
MinimumVisualStudioVersion = 10.0.40219.1
Project("{8BC9CEB8-8B4A-11D0-8D11-00A0C91BC942}") = "3-lab-bazz", "3-lab-bazz\3-lab-bazz.vcxproj", "{5270AE78-F21E-40D9-A86F-B32DA6E41E77}"
EndProject
Global
	GlobalSection(SolutionConfigurationPlatforms) = preSolution
		Debug|x64 = Debug|x64
		Debug|x86 = Debug|x86
		Release|x64 = Release|x64
		Release|x86 = Release|x86
	EndGlobalSection
	GlobalSection(ProjectConfigurationPlatforms) = postSolution
		{5270AE78-F21E-40D9-A86F-B32DA6E41E77}.Debug|x64.ActiveCfg = Debug|x64
		{5270AE78-F21E-40D9-A86F-B32DA6E41E77}.Debug|x64.Build.0 = Debug|x64
		{5270AE78-F21E-40D9-A86F-B32DA6E41E77}.Debug|x86.ActiveCfg = Debug|Win32
		{5270AE78-F21E-40D9-A86F-B32DA6E41E77}.Debug|x86.Build.0 = Debug|Win32
		{5270AE78-F21E-40D9-A86F-B32DA6E41E77}.Release|x64.ActiveCfg = Release|x64
		{5270AE78-F21E-40D9-A86F-B32DA6E41E77}.Release|x64.Build.0 = Release|x64
		{5270AE78-F21E-40D9-A86F-B32DA6E41E77}.Release|x86.ActiveCfg = Release|Win32
		{5270AE78-F21E-40D9-A86F-B32DA6E41E77}.Release|x86.Build.0 = Release|Win32
	EndGlobalSection
	GlobalSection(SolutionProperties) = preSolution
		HideSolutionNode = FALSE
	EndGlobalSection
	GlobalSection(ExtensibilityGlobals) = postSolution
		SolutionGuid = {2798CA95-03F2-4E3A-A04E-40805470F345}
	EndGlobalSection
EndGlobal
